{
  "packages": [
    {
      "name": "gemini/module-a",
      "type": "magento2-module",
      "autoload": {
        "files": [
          "registration.php"
        ]
      }
    },
    {
      "name": "orion/module-packaged",
      "type": "magento2-module",
      "autoload": {
        "files": [
          "src/mod1/registration.php",
          "src/mod2/registration.php"
        ]
      }
    },
    {
      "name": "orion/theme-frontend-blank",
      "type": "magento2-theme",
      "autoload": {
        "files": [
          "src/registration.php"
        ]
      }
    },
    {
      "name": "sirius/theme-frontend-child",
      "type": "magento2-theme",
      "autoload": {
        "files": [
          "registration.php"
        ]
      }
    },
    {
      "name": "sirius/theme-frontend-parent",
      "type": "magento2-theme",
      "autoload": {
        "files": [
          "registration.php"
        ]
      }
    }
  ]
}
